
Microsoft Visual Studio Solution File, Format Version 12.00
# Visual Studio Version 17
VisualStudioVersion = 17.3.32804.467
MinimumVisualStudioVersion = 10.0.40219.1
Project("{FAE04EC0-301F-11D3-BF4B-00C04F79EFBC}") = "DAL", "DAL\DAL.csproj", "{7EC0347D-A62C-47EB-AD81-AD96DBACDAA1}"
EndProject
Project("{FAE04EC0-301F-11D3-BF4B-00C04F79EFBC}") = "DALTest", "DALTest\DALTest.csproj", "{15274AC3-BC05-4268-8406-5862314A0D4B}"
	ProjectSection(ProjectDependencies) = postProject
		{7EC0347D-A62C-47EB-AD81-AD96DBACDAA1} = {7EC0347D-A62C-47EB-AD81-AD96DBACDAA1}
	EndProjectSection
EndProject
Project("{FAE04EC0-301F-11D3-BF4B-00C04F79EFBC}") = "CustomerMVC", "CustomerMVC\CustomerMVC.csproj", "{D8A70255-C09D-4255-9152-7B8D07453636}"
	ProjectSection(ProjectDependencies) = postProject
		{7EC0347D-A62C-47EB-AD81-AD96DBACDAA1} = {7EC0347D-A62C-47EB-AD81-AD96DBACDAA1}
	EndProjectSection
EndProject
Global
	GlobalSection(SolutionConfigurationPlatforms) = preSolution
		Debug|Any CPU = Debug|Any CPU
		Release|Any CPU = Release|Any CPU
	EndGlobalSection
	GlobalSection(ProjectConfigurationPlatforms) = postSolution
		{7EC0347D-A62C-47EB-AD81-AD96DBACDAA1}.Debug|Any CPU.ActiveCfg = Debug|Any CPU
		{7EC0347D-A62C-47EB-AD81-AD96DBACDAA1}.Debug|Any CPU.Build.0 = Debug|Any CPU
		{7EC0347D-A62C-47EB-AD81-AD96DBACDAA1}.Release|Any CPU.ActiveCfg = Release|Any CPU
		{7EC0347D-A62C-47EB-AD81-AD96DBACDAA1}.Release|Any CPU.Build.0 = Release|Any CPU
		{15274AC3-BC05-4268-8406-5862314A0D4B}.Debug|Any CPU.ActiveCfg = Debug|Any CPU
		{15274AC3-BC05-4268-8406-5862314A0D4B}.Debug|Any CPU.Build.0 = Debug|Any CPU
		{15274AC3-BC05-4268-8406-5862314A0D4B}.Release|Any CPU.ActiveCfg = Release|Any CPU
		{15274AC3-BC05-4268-8406-5862314A0D4B}.Release|Any CPU.Build.0 = Release|Any CPU
		{D8A70255-C09D-4255-9152-7B8D07453636}.Debug|Any CPU.ActiveCfg = Debug|Any CPU
		{D8A70255-C09D-4255-9152-7B8D07453636}.Debug|Any CPU.Build.0 = Debug|Any CPU
		{D8A70255-C09D-4255-9152-7B8D07453636}.Release|Any CPU.ActiveCfg = Release|Any CPU
		{D8A70255-C09D-4255-9152-7B8D07453636}.Release|Any CPU.Build.0 = Release|Any CPU
	EndGlobalSection
	GlobalSection(SolutionProperties) = preSolution
		HideSolutionNode = FALSE
	EndGlobalSection
	GlobalSection(ExtensibilityGlobals) = postSolution
		SolutionGuid = {0B1F311B-E54E-41B4-8FD7-8CC039C06B90}
	EndGlobalSection
EndGlobal
